
Microsoft Visual Studio Solution File, Format Version 12.00
# Visual Studio Version 16
VisualStudioVersion = 16.0.30002.166
MinimumVisualStudioVersion = 10.0.40219.1
Project("{9A19103F-16F7-4668-BE54-9A1E7A4F7556}") = "ApplicationCore", "ApplicationCore\ApplicationCore.csproj", "{0FF2AE7C-637F-420C-BCBE-AD93BB2B00A7}"
EndProject
Project("{FAE04EC0-301F-11D3-BF4B-00C04F79EFBC}") = "Infrastructure", "Infrastructure\Infrastructure.csproj", "{B2FD1451-B309-47B5-A489-72FEA3035754}"
EndProject
Project("{FAE04EC0-301F-11D3-BF4B-00C04F79EFBC}") = "API", "API\API.csproj", "{C274DF21-D525-4BCB-8DDC-80D823DD947E}"
EndProject
Global
	GlobalSection(SolutionConfigurationPlatforms) = preSolution
		Debug|Any CPU = Debug|Any CPU
		Release|Any CPU = Release|Any CPU
	EndGlobalSection
	GlobalSection(ProjectConfigurationPlatforms) = postSolution
		{0FF2AE7C-637F-420C-BCBE-AD93BB2B00A7}.Debug|Any CPU.ActiveCfg = Debug|Any CPU
		{0FF2AE7C-637F-420C-BCBE-AD93BB2B00A7}.Debug|Any CPU.Build.0 = Debug|Any CPU
		{0FF2AE7C-637F-420C-BCBE-AD93BB2B00A7}.Release|Any CPU.ActiveCfg = Release|Any CPU
		{0FF2AE7C-637F-420C-BCBE-AD93BB2B00A7}.Release|Any CPU.Build.0 = Release|Any CPU
		{B2FD1451-B309-47B5-A489-72FEA3035754}.Debug|Any CPU.ActiveCfg = Debug|Any CPU
		{B2FD1451-B309-47B5-A489-72FEA3035754}.Debug|Any CPU.Build.0 = Debug|Any CPU
		{B2FD1451-B309-47B5-A489-72FEA3035754}.Release|Any CPU.ActiveCfg = Release|Any CPU
		{B2FD1451-B309-47B5-A489-72FEA3035754}.Release|Any CPU.Build.0 = Release|Any CPU
		{C274DF21-D525-4BCB-8DDC-80D823DD947E}.Debug|Any CPU.ActiveCfg = Debug|Any CPU
		{C274DF21-D525-4BCB-8DDC-80D823DD947E}.Debug|Any CPU.Build.0 = Debug|Any CPU
		{C274DF21-D525-4BCB-8DDC-80D823DD947E}.Release|Any CPU.ActiveCfg = Release|Any CPU
		{C274DF21-D525-4BCB-8DDC-80D823DD947E}.Release|Any CPU.Build.0 = Release|Any CPU
	EndGlobalSection
	GlobalSection(SolutionProperties) = preSolution
		HideSolutionNode = FALSE
	EndGlobalSection
	GlobalSection(ExtensibilityGlobals) = postSolution
		SolutionGuid = {B7B7B33F-77C9-436E-B0B3-6A12B27B631F}
	EndGlobalSection
EndGlobal
